
Microsoft Visual Studio Solution File, Format Version 12.00
# Visual Studio Version 16
VisualStudioVersion = 16.0.30503.244
MinimumVisualStudioVersion = 10.0.40219.1
Project("{FAE04EC0-301F-11D3-BF4B-00C04F79EFBC}") = "SchoolerClassTask", "SchoolerClassTask\SchoolerClassTask.csproj", "{20F9AD60-B8B2-42D9-93BB-92FBBF26726B}"
EndProject
Global
	GlobalSection(SolutionConfigurationPlatforms) = preSolution
		Debug|Any CPU = Debug|Any CPU
		Release|Any CPU = Release|Any CPU
	EndGlobalSection
	GlobalSection(ProjectConfigurationPlatforms) = postSolution
		{20F9AD60-B8B2-42D9-93BB-92FBBF26726B}.Debug|Any CPU.ActiveCfg = Debug|Any CPU
		{20F9AD60-B8B2-42D9-93BB-92FBBF26726B}.Debug|Any CPU.Build.0 = Debug|Any CPU
		{20F9AD60-B8B2-42D9-93BB-92FBBF26726B}.Release|Any CPU.ActiveCfg = Release|Any CPU
		{20F9AD60-B8B2-42D9-93BB-92FBBF26726B}.Release|Any CPU.Build.0 = Release|Any CPU
	EndGlobalSection
	GlobalSection(SolutionProperties) = preSolution
		HideSolutionNode = FALSE
	EndGlobalSection
	GlobalSection(ExtensibilityGlobals) = postSolution
		SolutionGuid = {ABAD8A83-0D0F-4583-A590-EA1DC349339F}
	EndGlobalSection
EndGlobal
